
Microsoft Visual Studio Solution File, Format Version 11.00
# Visual Studio 2010
Project("{FAE04EC0-301F-11D3-BF4B-00C04F79EFBC}") = "Assembly-CSharp", "Assembly-CSharp.csproj", "{d55d56b5-c420-433c-8346-220a0b4481ab}"
EndProject
Project("{FAE04EC0-301F-11D3-BF4B-00C04F79EFBC}") = "Assembly-CSharp-firstpass", "Assembly-CSharp-firstpass.csproj", "{d95ccf1a-c4bd-7696-968a-192fa68551f1}"
EndProject
Global
	GlobalSection(SolutionConfigurationPlatforms) = preSolution
		Debug|Any CPU = Debug|Any CPU
	EndGlobalSection
	GlobalSection(ProjectConfigurationPlatforms) = postSolution
		{d55d56b5-c420-433c-8346-220a0b4481ab}.Debug|Any CPU.ActiveCfg = Debug|Any CPU
		{d55d56b5-c420-433c-8346-220a0b4481ab}.Debug|Any CPU.Build.0 = Debug|Any CPU
		{d95ccf1a-c4bd-7696-968a-192fa68551f1}.Debug|Any CPU.ActiveCfg = Debug|Any CPU
		{d95ccf1a-c4bd-7696-968a-192fa68551f1}.Debug|Any CPU.Build.0 = Debug|Any CPU
	EndGlobalSection
	GlobalSection(SolutionProperties) = preSolution
		HideSolutionNode = FALSE
	EndGlobalSection
EndGlobal
